// !$*UTF8*$!
{
	archiveVersion = 1;
	classes = {
	};
	objectVersion = 46;
	objects = {

/* Begin PBXBuildFile section */
		9FB2E8E31C10919C00F3ADDC /* main.m in Sources */ = {isa = PBXBuildFile; fileRef = 9FB2E8E21C10919C00F3ADDC /* main.m */; };
		9FB2E8E61C10919C00F3ADDC /* AppDelegate.m in Sources */ = {isa = PBXBuildFile; fileRef = 9FB2E8E51C10919C00F3ADDC /* AppDelegate.m */; };
		9FB2E8EE1C10919C00F3ADDC /* Assets.xcassets in Resources */ = {isa = PBXBuildFile; fileRef = 9FB2E8ED1C10919C00F3ADDC /* Assets.xcassets */; };
		9FB2E8F91C10919C00F3ADDC /* SearchViewController_tvOSTests.m in Sources */ = {isa = PBXBuildFile; fileRef = 9FB2E8F81C10919C00F3ADDC /* SearchViewController_tvOSTests.m */; };
		9FB2E9041C10919C00F3ADDC /* SearchViewController_tvOSUITests.m in Sources */ = {isa = PBXBuildFile; fileRef = 9FB2E9031C10919C00F3ADDC /* SearchViewController_tvOSUITests.m */; };
		9FB2E9131C1091F000F3ADDC /* SearchResultViewController.m in Sources */ = {isa = PBXBuildFile; fileRef = 9FB2E9121C1091F000F3ADDC /* SearchResultViewController.m */; };
/* End PBXBuildFile section */

/* Begin PBXContainerItemProxy section */
		9FB2E8F51C10919C00F3ADDC /* PBXContainerItemProxy */ = {
			isa = PBXContainerItemProxy;
			containerPortal = 9FB2E8D61C10919C00F3ADDC /* Project object */;
			proxyType = 1;
			remoteGlobalIDString = 9FB2E8DD1C10919C00F3ADDC;
			remoteInfo = "SearchViewController-tvOS";
		};
		9FB2E9001C10919C00F3ADDC /* PBXContainerItemProxy */ = {
			isa = PBXContainerItemProxy;
			containerPortal = 9FB2E8D61C10919C00F3ADDC /* Project object */;
			proxyType = 1;
			remoteGlobalIDString = 9FB2E8DD1C10919C00F3ADDC;
			remoteInfo = "SearchViewController-tvOS";
		};
/* End PBXContainerItemProxy section */

/* Begin PBXFileReference section */
		9FB2E8DE1C10919C00F3ADDC /* SearchViewController-tvOS.app */ = {isa = PBXFileReference; explicitFileType = wrapper.application; includeInIndex = 0; path = "SearchViewController-tvOS.app"; sourceTree = BUILT_PRODUCTS_DIR; };
		9FB2E8E21C10919C00F3ADDC /* main.m */ = {isa = PBXFileReference; lastKnownFileType = sourcecode.c.objc; path = main.m; sourceTree = "<group>"; };
		9FB2E8E41C10919C00F3ADDC /* AppDelegate.h */ = {isa = PBXFileReference; lastKnownFileType = sourcecode.c.h; path = AppDelegate.h; sourceTree = "<group>"; };
		9FB2E8E51C10919C00F3ADDC /* AppDelegate.m */ = {isa = PBXFileReference; lastKnownFileType = sourcecode.c.objc; path = AppDelegate.m; sourceTree = "<group>"; };
		9FB2E8ED1C10919C00F3ADDC /* Assets.xcassets */ = {isa = PBXFileReference; lastKnownFileType = folder.assetcatalog; path = Assets.xcassets; sourceTree = "<group>"; };
		9FB2E8EF1C10919C00F3ADDC /* Info.plist */ = {isa = PBXFileReference; lastKnownFileType = text.plist.xml; path = Info.plist; sourceTree = "<group>"; };
		9FB2E8F41C10919C00F3ADDC /* SearchViewController-tvOSTests.xctest */ = {isa = PBXFileReference; explicitFileType = wrapper.cfbundle; includeInIndex = 0; path = "SearchViewController-tvOSTests.xctest"; sourceTree = BUILT_PRODUCTS_DIR; };
		9FB2E8F81C10919C00F3ADDC /* SearchViewController_tvOSTests.m */ = {isa = PBXFileReference; lastKnownFileType = sourcecode.c.objc; path = SearchViewController_tvOSTests.m; sourceTree = "<group>"; };
		9FB2E8FA1C10919C00F3ADDC /* Info.plist */ = {isa = PBXFileReference; lastKnownFileType = text.plist.xml; path = Info.plist; sourceTree = "<group>"; };
		9FB2E8FF1C10919C00F3ADDC /* SearchViewController-tvOSUITests.xctest */ = {isa = PBXFileReference; explicitFileType = wrapper.cfbundle; includeInIndex = 0; path = "SearchViewController-tvOSUITests.xctest"; sourceTree = BUILT_PRODUCTS_DIR; };
		9FB2E9031C10919C00F3ADDC /* SearchViewController_tvOSUITests.m */ = {isa = PBXFileReference; lastKnownFileType = sourcecode.c.objc; path = SearchViewController_tvOSUITests.m; sourceTree = "<group>"; };
		9FB2E9051C10919C00F3ADDC /* Info.plist */ = {isa = PBXFileReference; lastKnownFileType = text.plist.xml; path = Info.plist; sourceTree = "<group>"; };
		9FB2E9111C1091F000F3ADDC /* SearchResultViewController.h */ = {isa = PBXFileReference; fileEncoding = 4; lastKnownFileType = sourcecode.c.h; path = SearchResultViewController.h; sourceTree = "<group>"; };
		9FB2E9121C1091F000F3ADDC /* SearchResultViewController.m */ = {isa = PBXFileReference; fileEncoding = 4; lastKnownFileType = sourcecode.c.objc; path = SearchResultViewController.m; sourceTree = "<group>"; };
/* End PBXFileReference section */

/* Begin PBXFrameworksBuildPhase section */
		9FB2E8DB1C10919C00F3ADDC /* Frameworks */ = {
			isa = PBXFrameworksBuildPhase;
			buildActionMask = 2147483647;
			files = (
			);
			runOnlyForDeploymentPostprocessing = 0;
		};
		9FB2E8F11C10919C00F3ADDC /* Frameworks */ = {
			isa = PBXFrameworksBuildPhase;
			buildActionMask = 2147483647;
			files = (
			);
			runOnlyForDeploymentPostprocessing = 0;
		};
		9FB2E8FC1C10919C00F3ADDC /* Frameworks */ = {
			isa = PBXFrameworksBuildPhase;
			buildActionMask = 2147483647;
			files = (
			);
			runOnlyForDeploymentPostprocessing = 0;
		};
/* End PBXFrameworksBuildPhase section */

/* Begin PBXGroup section */
		9FB2E8D51C10919C00F3ADDC = {
			isa = PBXGroup;
			children = (
				9FB2E8E01C10919C00F3ADDC /* SearchViewController-tvOS */,
				9FB2E8F71C10919C00F3ADDC /* SearchViewController-tvOSTests */,
				9FB2E9021C10919C00F3ADDC /* SearchViewController-tvOSUITests */,
				9FB2E8DF1C10919C00F3ADDC /* Products */,
			);
			sourceTree = "<group>";
		};
		9FB2E8DF1C10919C00F3ADDC /* Products */ = {
			isa = PBXGroup;
			children = (
				9FB2E8DE1C10919C00F3ADDC /* SearchViewController-tvOS.app */,
				9FB2E8F41C10919C00F3ADDC /* SearchViewController-tvOSTests.xctest */,
				9FB2E8FF1C10919C00F3ADDC /* SearchViewController-tvOSUITests.xctest */,
			);
			name = Products;
			sourceTree = "<group>";
		};
		9FB2E8E01C10919C00F3ADDC /* SearchViewController-tvOS */ = {
			isa = PBXGroup;
			children = (
				9FB2E8E41C10919C00F3ADDC /* AppDelegate.h */,
				9FB2E8E51C10919C00F3ADDC /* AppDelegate.m */,
				9FB2E9111C1091F000F3ADDC /* SearchResultViewController.h */,
				9FB2E9121C1091F000F3ADDC /* SearchResultViewController.m */,
				9FB2E8ED1C10919C00F3ADDC /* Assets.xcassets */,
				9FB2E8EF1C10919C00F3ADDC /* Info.plist */,
				9FB2E8E11C10919C00F3ADDC /* Supporting Files */,
			);
			path = "SearchViewController-tvOS";
			sourceTree = "<group>";
		};
		9FB2E8E11C10919C00F3ADDC /* Supporting Files */ = {
			isa = PBXGroup;
			children = (
				9FB2E8E21C10919C00F3ADDC /* main.m */,
			);
			name = "Supporting Files";
			sourceTree = "<group>";
		};
		9FB2E8F71C10919C00F3ADDC /* SearchViewController-tvOSTests */ = {
			isa = PBXGroup;
			children = (
				9FB2E8F81C10919C00F3ADDC /* SearchViewController_tvOSTests.m */,
				9FB2E8FA1C10919C00F3ADDC /* Info.plist */,
			);
			path = "SearchViewController-tvOSTests";
			sourceTree = "<group>";
		};
		9FB2E9021C10919C00F3ADDC /* SearchViewController-tvOSUITests */ = {
			isa = PBXGroup;
			children = (
				9FB2E9031C10919C00F3ADDC /* SearchViewController_tvOSUITests.m */,
				9FB2E9051C10919C00F3ADDC /* Info.plist */,
			);
			path = "SearchViewController-tvOSUITests";
			sourceTree = "<group>";
		};
/* End PBXGroup section */

/* Begin PBXNativeTarget section */
		9FB2E8DD1C10919C00F3ADDC /* SearchViewController-tvOS */ = {
			isa = PBXNativeTarget;
			buildConfigurationList = 9FB2E9081C10919C00F3ADDC /* Build configuration list for PBXNativeTarget "SearchViewController-tvOS" */;
			buildPhases = (
				9FB2E8DA1C10919C00F3ADDC /* Sources */,
				9FB2E8DB1C10919C00F3ADDC /* Frameworks */,
				9FB2E8DC1C10919C00F3ADDC /* Resources */,
			);
			buildRules = (
			);
			dependencies = (
			);
			name = "SearchViewController-tvOS";
			productName = "SearchViewController-tvOS";
			productReference = 9FB2E8DE1C10919C00F3ADDC /* SearchViewController-tvOS.app */;
			productType = "com.apple.product-type.application";
		};
		9FB2E8F31C10919C00F3ADDC /* SearchViewController-tvOSTests */ = {
			isa = PBXNativeTarget;
			buildConfigurationList = 9FB2E90B1C10919C00F3ADDC /* Build configuration list for PBXNativeTarget "SearchViewController-tvOSTests" */;
			buildPhases = (
				9FB2E8F01C10919C00F3ADDC /* Sources */,
				9FB2E8F11C10919C00F3ADDC /* Frameworks */,
				9FB2E8F21C10919C00F3ADDC /* Resources */,
			);
			buildRules = (
			);
			dependencies = (
				9FB2E8F61C10919C00F3ADDC /* PBXTargetDependency */,
			);
			name = "SearchViewController-tvOSTests";
			productName = "SearchViewController-tvOSTests";
			productReference = 9FB2E8F41C10919C00F3ADDC /* SearchViewController-tvOSTests.xctest */;
			productType = "com.apple.product-type.bundle.unit-test";
		};
		9FB2E8FE1C10919C00F3ADDC /* SearchViewController-tvOSUITests */ = {
			isa = PBXNativeTarget;
			buildConfigurationList = 9FB2E90E1C10919C00F3ADDC /* Build configuration list for PBXNativeTarget "SearchViewController-tvOSUITests" */;
			buildPhases = (
				9FB2E8FB1C10919C00F3ADDC /* Sources */,
				9FB2E8FC1C10919C00F3ADDC /* Frameworks */,
				9FB2E8FD1C10919C00F3ADDC /* Resources */,
			);
			buildRules = (
			);
			dependencies = (
				9FB2E9011C10919C00F3ADDC /* PBXTargetDependency */,
			);
			name = "SearchViewController-tvOSUITests";
			productName = "SearchViewController-tvOSUITests";
			productReference = 9FB2E8FF1C10919C00F3ADDC /* SearchViewController-tvOSUITests.xctest */;
			productType = "com.apple.product-type.bundle.ui-testing";
		};
/* End PBXNativeTarget section */

/* Begin PBXProject section */
		9FB2E8D61C10919C00F3ADDC /* Project object */ = {
			isa = PBXProject;
			attributes = {
				LastUpgradeCheck = 0710;
				ORGANIZATIONNAME = "Keisuke Tatsumi";
				TargetAttributes = {
					9FB2E8DD1C10919C00F3ADDC = {
						CreatedOnToolsVersion = 7.1;
					};
					9FB2E8F31C10919C00F3ADDC = {
						CreatedOnToolsVersion = 7.1;
						TestTargetID = 9FB2E8DD1C10919C00F3ADDC;
					};
					9FB2E8FE1C10919C00F3ADDC = {
						CreatedOnToolsVersion = 7.1;
						TestTargetID = 9FB2E8DD1C10919C00F3ADDC;
					};
				};
			};
			buildConfigurationList = 9FB2E8D91C10919C00F3ADDC /* Build configuration list for PBXProject "SearchViewController-tvOS" */;
			compatibilityVersion = "Xcode 3.2";
			developmentRegion = English;
			hasScannedForEncodings = 0;
			knownRegions = (
				en,
				Base,
			);
			mainGroup = 9FB2E8D51C10919C00F3ADDC;
			productRefGroup = 9FB2E8DF1C10919C00F3ADDC /* Products */;
			projectDirPath = "";
			projectRoot = "";
			targets = (
				9FB2E8DD1C10919C00F3ADDC /* SearchViewController-tvOS */,
				9FB2E8F31C10919C00F3ADDC /* SearchViewController-tvOSTests */,
				9FB2E8FE1C10919C00F3ADDC /* SearchViewController-tvOSUITests */,
			);
		};
/* End PBXProject section */

/* Begin PBXResourcesBuildPhase section */
		9FB2E8DC1C10919C00F3ADDC /* Resources */ = {
			isa = PBXResourcesBuildPhase;
			buildActionMask = 2147483647;
			files = (
				9FB2E8EE1C10919C00F3ADDC /* Assets.xcassets in Resources */,
			);
			runOnlyForDeploymentPostprocessing = 0;
		};
		9FB2E8F21C10919C00F3ADDC /* Resources */ = {
			isa = PBXResourcesBuildPhase;
			buildActionMask = 2147483647;
			files = (
			);
			runOnlyForDeploymentPostprocessing = 0;
		};
		9FB2E8FD1C10919C00F3ADDC /* Resources */ = {
			isa = PBXResourcesBuildPhase;
			buildActionMask = 2147483647;
			files = (
			);
			runOnlyForDeploymentPostprocessing = 0;
		};
/* End PBXResourcesBuildPhase section */

/* Begin PBXSourcesBuildPhase section */
		9FB2E8DA1C10919C00F3ADDC /* Sources */ = {
			isa = PBXSourcesBuildPhase;
			buildActionMask = 2147483647;
			files = (
				9FB2E8E61C10919C00F3ADDC /* AppDelegate.m in Sources */,
				9FB2E8E31C10919C00F3ADDC /* main.m in Sources */,
				9FB2E9131C1091F000F3ADDC /* SearchResultViewController.m in Sources */,
			);
			runOnlyForDeploymentPostprocessing = 0;
		};
		9FB2E8F01C10919C00F3ADDC /* Sources */ = {
			isa = PBXSourcesBuildPhase;
			buildActionMask = 2147483647;
			files = (
				9FB2E8F91C10919C00F3ADDC /* SearchViewController_tvOSTests.m in Sources */,
			);
			runOnlyForDeploymentPostprocessing = 0;
		};
		9FB2E8FB1C10919C00F3ADDC /* Sources */ = {
			isa = PBXSourcesBuildPhase;
			buildActionMask = 2147483647;
			files = (
				9FB2E9041C10919C00F3ADDC /* SearchViewController_tvOSUITests.m in Sources */,
			);
			runOnlyForDeploymentPostprocessing = 0;
		};
/* End PBXSourcesBuildPhase section */

/* Begin PBXTargetDependency section */
		9FB2E8F61C10919C00F3ADDC /* PBXTargetDependency */ = {
			isa = PBXTargetDependency;
			target = 9FB2E8DD1C10919C00F3ADDC /* SearchViewController-tvOS */;
			targetProxy = 9FB2E8F51C10919C00F3ADDC /* PBXContainerItemProxy */;
		};
		9FB2E9011C10919C00F3ADDC /* PBXTargetDependency */ = {
			isa = PBXTargetDependency;
			target = 9FB2E8DD1C10919C00F3ADDC /* SearchViewController-tvOS */;
			targetProxy = 9FB2E9001C10919C00F3ADDC /* PBXContainerItemProxy */;
		};
/* End PBXTargetDependency section */

/* Begin XCBuildConfiguration section */
		9FB2E9061C10919C00F3ADDC /* Debug */ = {
			isa = XCBuildConfiguration;
			buildSettings = {
				ALWAYS_SEARCH_USER_PATHS = NO;
				CLANG_CXX_LANGUAGE_STANDARD = "gnu++0x";
				CLANG_CXX_LIBRARY = "libc++";
				CLANG_ENABLE_MODULES = YES;
				CLANG_ENABLE_OBJC_ARC = YES;
				CLANG_WARN_BOOL_CONVERSION = YES;
				CLANG_WARN_CONSTANT_CONVERSION = YES;
				CLANG_WARN_DIRECT_OBJC_ISA_USAGE = YES_ERROR;
				CLANG_WARN_EMPTY_BODY = YES;
				CLANG_WARN_ENUM_CONVERSION = YES;
				CLANG_WARN_INT_CONVERSION = YES;
				CLANG_WARN_OBJC_ROOT_CLASS = YES_ERROR;
				CLANG_WARN_UNREACHABLE_CODE = YES;
				CLANG_WARN__DUPLICATE_METHOD_MATCH = YES;
				COPY_PHASE_STRIP = NO;
				DEBUG_INFORMATION_FORMAT = dwarf;
				ENABLE_STRICT_OBJC_MSGSEND = YES;
				ENABLE_TESTABILITY = YES;
				GCC_C_LANGUAGE_STANDARD = gnu99;
				GCC_DYNAMIC_NO_PIC = NO;
				GCC_NO_COMMON_BLOCKS = YES;
				GCC_OPTIMIZATION_LEVEL = 0;
				GCC_PREPROCESSOR_DEFINITIONS = (
					"DEBUG=1",
					"$(inherited)",
				);
				GCC_WARN_64_TO_32_BIT_CONVERSION = YES;
				GCC_WARN_ABOUT_RETURN_TYPE = YES_ERROR;
				GCC_WARN_UNDECLARED_SELECTOR = YES;
				GCC_WARN_UNINITIALIZED_AUTOS = YES_AGGRESSIVE;
				GCC_WARN_UNUSED_FUNCTION = YES;
				GCC_WARN_UNUSED_VARIABLE = YES;
				MTL_ENABLE_DEBUG_INFO = YES;
				ONLY_ACTIVE_ARCH = YES;
				SDKROOT = appletvos;
				TARGETED_DEVICE_FAMILY = 3;
				TVOS_DEPLOYMENT_TARGET = 9.0;
			};
			name = Debug;
		};
		9FB2E9071C10919C00F3ADDC /* Release */ = {
			isa = XCBuildConfiguration;
			buildSettings = {
				ALWAYS_SEARCH_USER_PATHS = NO;
				CLANG_CXX_LANGUAGE_STANDARD = "gnu++0x";
				CLANG_CXX_LIBRARY = "libc++";
				CLANG_ENABLE_MODULES = YES;
				CLANG_ENABLE_OBJC_ARC = YES;
				CLANG_WARN_BOOL_CONVERSION = YES;
				CLANG_WARN_CONSTANT_CONVERSION = YES;
				CLANG_WARN_DIRECT_OBJC_ISA_USAGE = YES_ERROR;
				CLANG_WARN_EMPTY_BODY = YES;
				CLANG_WARN_ENUM_CONVERSION = YES;
				CLANG_WARN_INT_CONVERSION = YES;
				CLANG_WARN_OBJC_ROOT_CLASS = YES_ERROR;
				CLANG_WARN_UNREACHABLE_CODE = YES;
				CLANG_WARN__DUPLICATE_METHOD_MATCH = YES;
				COPY_PHASE_STRIP = NO;
				DEBUG_INFORMATION_FORMAT = "dwarf-with-dsym";
				ENABLE_NS_ASSERTIONS = NO;
				ENABLE_STRICT_OBJC_MSGSEND = YES;
				GCC_C_LANGUAGE_STANDARD = gnu99;
				GCC_NO_COMMON_BLOCKS = YES;
				GCC_WARN_64_TO_32_BIT_CONVERSION = YES;
				GCC_WARN_ABOUT_RETURN_TYPE = YES_ERROR;
				GCC_WARN_UNDECLARED_SELECTOR = YES;
				GCC_WARN_UNINITIALIZED_AUTOS = YES_AGGRESSIVE;
				GCC_WARN_UNUSED_FUNCTION = YES;
				GCC_WARN_UNUSED_VARIABLE = YES;
				MTL_ENABLE_DEBUG_INFO = NO;
				SDKROOT = appletvos;
				TARGETED_DEVICE_FAMILY = 3;
				TVOS_DEPLOYMENT_TARGET = 9.0;
				VALIDATE_PRODUCT = YES;
			};
			name = Release;
		};
		9FB2E9091C10919C00F3ADDC /* Debug */ = {
			isa = XCBuildConfiguration;
			buildSettings = {
				ASSETCATALOG_COMPILER_APPICON_NAME = "App Icon & Top Shelf Image";
				ASSETCATALOG_COMPILER_LAUNCHIMAGE_NAME = LaunchImage;
				INFOPLIST_FILE = "SearchViewController-tvOS/Info.plist";
				LD_RUNPATH_SEARCH_PATHS = "$(inherited) @executable_path/Frameworks";
				PRODUCT_BUNDLE_IDENTIFIER = "jp.glorydays.SearchViewController-tvOS";
				PRODUCT_NAME = "$(TARGET_NAME)";
			};
			name = Debug;
		};
		9FB2E90A1C10919C00F3ADDC /* Release */ = {
			isa = XCBuildConfiguration;
			buildSettings = {
				ASSETCATALOG_COMPILER_APPICON_NAME = "App Icon & Top Shelf Image";
				ASSETCATALOG_COMPILER_LAUNCHIMAGE_NAME = LaunchImage;
				INFOPLIST_FILE = "SearchViewController-tvOS/Info.plist";
				LD_RUNPATH_SEARCH_PATHS = "$(inherited) @executable_path/Frameworks";
				PRODUCT_BUNDLE_IDENTIFIER = "jp.glorydays.SearchViewController-tvOS";
				PRODUCT_NAME = "$(TARGET_NAME)";
			};
			name = Release;
		};
		9FB2E90C1C10919C00F3ADDC /* Debug */ = {
			isa = XCBuildConfiguration;
			buildSettings = {
				BUNDLE_LOADER = "$(TEST_HOST)";
				INFOPLIST_FILE = "SearchViewController-tvOSTests/Info.plist";
				LD_RUNPATH_SEARCH_PATHS = "$(inherited) @executable_path/Frameworks @loader_path/Frameworks";
				PRODUCT_BUNDLE_IDENTIFIER = "jp.glorydays.SearchViewController-tvOSTests";
				PRODUCT_NAME = "$(TARGET_NAME)";
				TEST_HOST = "$(BUILT_PRODUCTS_DIR)/SearchViewController-tvOS.app/SearchViewController-tvOS";
			};
			name = Debug;
		};
		9FB2E90D1C10919C00F3ADDC /* Release */ = {
			isa = XCBuildConfiguration;
			buildSettings = {
				BUNDLE_LOADER = "$(TEST_HOST)";
				INFOPLIST_FILE = "SearchViewController-tvOSTests/Info.plist";
				LD_RUNPATH_SEARCH_PATHS = "$(inherited) @executable_path/Frameworks @loader_path/Frameworks";
				PRODUCT_BUNDLE_IDENTIFIER = "jp.glorydays.SearchViewController-tvOSTests";
				PRODUCT_NAME = "$(TARGET_NAME)";
				TEST_HOST = "$(BUILT_PRODUCTS_DIR)/SearchViewController-tvOS.app/SearchViewController-tvOS";
			};
			name = Release;
		};
		9FB2E90F1C10919C00F3ADDC /* Debug */ = {
			isa = XCBuildConfiguration;
			buildSettings = {
				INFOPLIST_FILE = "SearchViewController-tvOSUITests/Info.plist";
				LD_RUNPATH_SEARCH_PATHS = "$(inherited) @executable_path/Frameworks @loader_path/Frameworks";
				PRODUCT_BUNDLE_IDENTIFIER = "jp.glorydays.SearchViewController-tvOSUITests";
				PRODUCT_NAME = "$(TARGET_NAME)";
				TEST_TARGET_NAME = "SearchViewController-tvOS";
				USES_XCTRUNNER = YES;
			};
			name = Debug;
		};
		9FB2E9101C10919C00F3ADDC /* Release */ = {
			isa = XCBuildConfiguration;
			buildSettings = {
				INFOPLIST_FILE = "SearchViewController-tvOSUITests/Info.plist";
				LD_RUNPATH_SEARCH_PATHS = "$(inherited) @executable_path/Frameworks @loader_path/Frameworks";
				PRODUCT_BUNDLE_IDENTIFIER = "jp.glorydays.SearchViewController-tvOSUITests";
				PRODUCT_NAME = "$(TARGET_NAME)";
				TEST_TARGET_NAME = "SearchViewController-tvOS";
				USES_XCTRUNNER = YES;
			};
			name = Release;
		};
/* End XCBuildConfiguration section */

/* Begin XCConfigurationList section */
		9FB2E8D91C10919C00F3ADDC /* Build configuration list for PBXProject "SearchViewController-tvOS" */ = {
			isa = XCConfigurationList;
			buildConfigurations = (
				9FB2E9061C10919C00F3ADDC /* Debug */,
				9FB2E9071C10919C00F3ADDC /* Release */,
			);
			defaultConfigurationIsVisible = 0;
			defaultConfigurationName = Release;
		};
		9FB2E9081C10919C00F3ADDC /* Build configuration list for PBXNativeTarget "SearchViewController-tvOS" */ = {
			isa = XCConfigurationList;
			buildConfigurations = (
				9FB2E9091C10919C00F3ADDC /* Debug */,
				9FB2E90A1C10919C00F3ADDC /* Release */,
			);
			defaultConfigurationIsVisible = 0;
		};
		9FB2E90B1C10919C00F3ADDC /* Build configuration list for PBXNativeTarget "SearchViewController-tvOSTests" */ = {
			isa = XCConfigurationList;
			buildConfigurations = (
				9FB2E90C1C10919C00F3ADDC /* Debug */,
				9FB2E90D1C10919C00F3ADDC /* Release */,
			);
			defaultConfigurationIsVisible = 0;
		};
		9FB2E90E1C10919C00F3ADDC /* Build configuration list for PBXNativeTarget "SearchViewController-tvOSUITests" */ = {
			isa = XCConfigurationList;
			buildConfigurations = (
				9FB2E90F1C10919C00F3ADDC /* Debug */,
				9FB2E9101C10919C00F3ADDC /* Release */,
			);
			defaultConfigurationIsVisible = 0;
		};
/* End XCConfigurationList section */
	};
	rootObject = 9FB2E8D61C10919C00F3ADDC /* Project object */;
}
